
Microsoft Visual Studio Solution File, Format Version 12.00
Project("{FAE04EC0-301F-11D3-BF4B-00C04F79EFBC}") = "Branchy", "Branchy\Branchy.csproj", "{9B48D816-46D1-4D34-8218-A9C45474929A}"
EndProject
Project("{FAE04EC0-301F-11D3-BF4B-00C04F79EFBC}") = "Branchy.Sample", "..\sample\Branchy.Sample\Branchy.Sample.csproj", "{B538211B-94F6-46CC-9F63-99841F2948F9}"
EndProject
Project("{2150E333-8FDC-42A3-9474-1A3956D46DE8}") = "sample", "sample", "{4406CD6E-C7DE-4A69-AFA3-5CA5DCDD5DE6}"
EndProject
Global
	GlobalSection(SolutionConfigurationPlatforms) = preSolution
		Debug|Any CPU = Debug|Any CPU
		Release|Any CPU = Release|Any CPU
	EndGlobalSection
	GlobalSection(ProjectConfigurationPlatforms) = postSolution
		{9B48D816-46D1-4D34-8218-A9C45474929A}.Debug|Any CPU.ActiveCfg = Debug|Any CPU
		{9B48D816-46D1-4D34-8218-A9C45474929A}.Debug|Any CPU.Build.0 = Debug|Any CPU
		{9B48D816-46D1-4D34-8218-A9C45474929A}.Release|Any CPU.ActiveCfg = Release|Any CPU
		{9B48D816-46D1-4D34-8218-A9C45474929A}.Release|Any CPU.Build.0 = Release|Any CPU
		{B538211B-94F6-46CC-9F63-99841F2948F9}.Debug|Any CPU.ActiveCfg = Debug|Any CPU
		{B538211B-94F6-46CC-9F63-99841F2948F9}.Debug|Any CPU.Build.0 = Debug|Any CPU
		{B538211B-94F6-46CC-9F63-99841F2948F9}.Release|Any CPU.ActiveCfg = Release|Any CPU
		{B538211B-94F6-46CC-9F63-99841F2948F9}.Release|Any CPU.Build.0 = Release|Any CPU
	EndGlobalSection
	GlobalSection(NestedProjects) = preSolution
		{B538211B-94F6-46CC-9F63-99841F2948F9} = {4406CD6E-C7DE-4A69-AFA3-5CA5DCDD5DE6}
	EndGlobalSection
EndGlobal
